<?xml version="1.0" encoding="utf-8"?>
<Project ToolsVersion="4.0" xmlns="http://schemas.microsoft.com/developer/msbuild/2003">
  <ItemGroup>
    <Filter Include="Source Files">
      <UniqueIdentifier>{4FC737F1-C7A5-4376-A066-2A32D752A2FF}</UniqueIdentifier>
      <Extensions>cpp;c;cc;cxx;c++;def;odl;idl;hpj;bat;asm;asmx</Extensions>
    </Filter>
    <Filter Include="Header Files">
      <UniqueIdentifier>{93995380-89BD-4b04-88EB-625FBE52EBFB}</UniqueIdentifier>
      <Extensions>h;hh;hpp;hxx;h++;hm;inl;inc;ipp;xsd</Extensions>
    </Filter>
    <Filter Include="Resource Files">
      <UniqueIdentifier>{67DA6AB6-F800-4c08-8B7A-83BB121AAD01}</UniqueIdentifier>
      <Extensions>rc;ico;cur;bmp;dlg;rc2;rct;bin;rgs;gif;jpg;jpeg;jpe;resx;tiff;tif;png;wav;mfcribbon-ms</Extensions>
    </Filter>
    <Filter Include="Header Files\game">
      <UniqueIdentifier>{90b4de40-d3b8-4672-9785-20221205ab2f}</UniqueIdentifier>
    </Filter>
    <Filter Include="Source Files\game">
      <UniqueIdentifier>{14483b95-81b6-4d3a-bab6-07c5605b6ab5}</UniqueIdentifier>
    </Filter>
    <Filter Include="Source Files\game\bodies">
      <UniqueIdentifier>{a61bc7e8-a116-4e73-b2db-b71614b00485}</UniqueIdentifier>
    </Filter>
    <Filter Include="Header Files\game\bodies">
      <UniqueIdentifier>{3e1f0a12-0693-4325-baac-5565de41b2de}</UniqueIdentifier>
    </Filter>
    <Filter Include="Source Files\engine">
      <UniqueIdentifier>{8c406ba6-bdb7-4da3-981f-2c9cabd1ddb2}</UniqueIdentifier>
    </Filter>
    <Filter Include="Header Files\engine">
      <UniqueIdentifier>{62d411ea-622a-47bf-b032-b618e3d7d5bd}</UniqueIdentifier>
    </Filter>
    <Filter Include="Header Files\engine\util">
      <UniqueIdentifier>{975dab10-8654-4c19-928f-1662ca6f8545}</UniqueIdentifier>
    </Filter>
    <Filter Include="Source Files\engine\util">
      <UniqueIdentifier>{3448d4d2-a278-4231-b435-af547eec572f}</UniqueIdentifier>
    </Filter>
    <Filter Include="Header Files\game\systems">
      <UniqueIdentifier>{58d6548d-9193-423a-a81c-373957580636}</UniqueIdentifier>
    </Filter>
    <Filter Include="Source Files\game\system">
      <UniqueIdentifier>{c27f3650-9364-4692-b32b-835032f064df}</UniqueIdentifier>
    </Filter>
    <Filter Include="Header Files\engine\util\data">
      <UniqueIdentifier>{f2b16a22-146f-406c-a0dc-043bcf35f93c}</UniqueIdentifier>
    </Filter>
    <Filter Include="Source Files\engine\util\data">
      <UniqueIdentifier>{3fd45f2c-0dae-49bb-a4ce-51699a81802c}</UniqueIdentifier>
    </Filter>
    <Filter Include="Source Files\engine\util\image">
      <UniqueIdentifier>{f46db5fb-50d5-43e7-8248-d06857eca659}</UniqueIdentifier>
    </Filter>
    <Filter Include="Header Files\engine\util\image">
      <UniqueIdentifier>{07dc19fe-aa91-4549-b43b-cedb461ad31f}</UniqueIdentifier>
    </Filter>
  </ItemGroup>
  <ItemGroup>
    <ClCompile Include="Camera.cpp">
      <Filter>Source Files\engine\util</Filter>
    </ClCompile>
    <ClCompile Include="ShaderProgram.cpp">
      <Filter>Source Files\engine\util</Filter>
    </ClCompile>
    <ClCompile Include="Renderer.cpp">
      <Filter>Source Files\engine</Filter>
    </ClCompile>
    <ClCompile Include="Gravity.cpp">
      <Filter>Source Files</Filter>
    </ClCompile>
    <ClCompile Include="Source.cpp">
      <Filter>Source Files</Filter>
    </ClCompile>
    <ClCompile Include="Body.cpp">
      <Filter>Source Files\game\bodies</Filter>
    </ClCompile>
    <ClCompile Include="Star.cpp">
      <Filter>Source Files\game\bodies</Filter>
    </ClCompile>
    <ClCompile Include="Planet.cpp">
      <Filter>Source Files\game\bodies</Filter>
    </ClCompile>
    <ClCompile Include="Moon.cpp">
      <Filter>Source Files\game\bodies</Filter>
    </ClCompile>
    <ClCompile Include="SolarSystem.cpp">
      <Filter>Source Files\game\system</Filter>
    </ClCompile>
    <ClCompile Include="PlanetSystem.cpp">
      <Filter>Source Files\game\system</Filter>
    </ClCompile>
    <ClCompile Include="OBJReader.cpp">
      <Filter>Source Files\engine\util\data</Filter>
    </ClCompile>
    <ClCompile Include="Model.cpp">
      <Filter>Source Files\engine\util\data</Filter>
    </ClCompile>
    <ClCompile Include="Texture.cpp">
      <Filter>Source Files\engine\util\image</Filter>
    </ClCompile>
    <ClCompile Include="FrameBuffer.cpp">
      <Filter>Source Files\engine\util\image</Filter>
    </ClCompile>
  </ItemGroup>
  <ItemGroup>
    <ClInclude Include="Buffers.h">
      <Filter>Header Files\engine\util</Filter>
    </ClInclude>
    <ClInclude Include="Camera.h">
      <Filter>Header Files\engine\util</Filter>
    </ClInclude>
    <ClInclude Include="ShaderProgram.h">
      <Filter>Header Files\engine\util</Filter>
    </ClInclude>
    <ClInclude Include="Renderer.h">
      <Filter>Header Files\engine</Filter>
    </ClInclude>
    <ClInclude Include="Gravity.h">
      <Filter>Header Files</Filter>
    </ClInclude>
    <ClInclude Include="Body.h">
      <Filter>Header Files\game\bodies</Filter>
    </ClInclude>
    <ClInclude Include="Star.h">
      <Filter>Header Files\game\bodies</Filter>
    </ClInclude>
    <ClInclude Include="Planet.h">
      <Filter>Header Files\game\bodies</Filter>
    </ClInclude>
    <ClInclude Include="Moon.h">
      <Filter>Header Files\game\bodies</Filter>
    </ClInclude>
    <ClInclude Include="SolarSystem.h">
      <Filter>Header Files\game\systems</Filter>
    </ClInclude>
    <ClInclude Include="PlanetSystem.h">
      <Filter>Header Files\game\systems</Filter>
    </ClInclude>
    <ClInclude Include="OBJReader.h">
      <Filter>Header Files\engine\util\data</Filter>
    </ClInclude>
    <ClInclude Include="Model.h">
      <Filter>Header Files\engine\util\data</Filter>
    </ClInclude>
    <ClInclude Include="Texture.h">
      <Filter>Header Files\engine\util\image</Filter>
    </ClInclude>
    <ClInclude Include="stb.h">
      <Filter>Header Files\engine\util\image</Filter>
    </ClInclude>
    <ClInclude Include="FrameBuffer.h">
      <Filter>Header Files\engine\util\image</Filter>
    </ClInclude>
  </ItemGroup>
  <ItemGroup>
    <None Include="test.vert.shader">
      <Filter>Resource Files</Filter>
    </None>
    <None Include="test.frag.shader">
      <Filter>Resource Files</Filter>
    </None>
  </ItemGroup>
</Project>